
Microsoft Visual Studio Solution File, Format Version 12.00
# Visual Studio Version 17
VisualStudioVersion = 17.8.34330.188
MinimumVisualStudioVersion = 10.0.40219.1
Project("{2150E333-8FDC-42A3-9474-1A3956D46DE8}") = "src", "src", "{4970C3B3-F14D-4410-83BA-BF03FDDFD514}"
	ProjectSection(SolutionItems) = preProject
		.gitignore = .gitignore
	EndProjectSection
EndProject
Project("{9A19103F-16F7-4668-BE54-9A1E7A4F7556}") = "Domain", "Domain\Domain.csproj", "{92672AF5-36B9-4BEB-B7F0-AB537ED38A97}"
EndProject
Project("{9A19103F-16F7-4668-BE54-9A1E7A4F7556}") = "Application", "Application\Application.csproj", "{48064339-6D65-4F31-9AB9-13806B3FEB56}"
EndProject
Project("{9A19103F-16F7-4668-BE54-9A1E7A4F7556}") = "WebApi", "WebApi\WebApi.csproj", "{BB5C80D3-6FED-4124-AE04-E5E00257B568}"
EndProject
Project("{2150E333-8FDC-42A3-9474-1A3956D46DE8}") = "UI", "UI", "{B4BD9D8D-818E-4133-A02F-18CFF74692B5}"
EndProject
Project("{9A19103F-16F7-4668-BE54-9A1E7A4F7556}") = "Infrastructure", "Infrastructure\Infrastructure.csproj", "{6F49C523-AA80-4C6B-85B6-31B371E8FB66}"
EndProject
Project("{E53339B2-1760-4266-BCC7-CA923CBCF16C}") = "docker-compose", "docker-compose.dcproj", "{BA2A1562-E23F-4BC8-9820-59C224DC8420}"
EndProject
Project("{2150E333-8FDC-42A3-9474-1A3956D46DE8}") = "tests", "tests", "{41B100A5-239B-40B6-9F92-CD9A46849835}"
EndProject
Project("{FAE04EC0-301F-11D3-BF4B-00C04F79EFBC}") = "Application.UnitTests", "Application.UnitTests\Application.UnitTests.csproj", "{72119B84-19AB-47C8-8C1C-91F184EF9200}"
EndProject
Project("{FAE04EC0-301F-11D3-BF4B-00C04F79EFBC}") = "WebApi.FunctionalTests", "WebApi.FunctionalTests\WebApi.FunctionalTests.csproj", "{D01787F0-33AC-4583-85BB-C5FAE9D6BA95}"
EndProject
Project("{FAE04EC0-301F-11D3-BF4B-00C04F79EFBC}") = "Application.IntegrationTests", "Application.IntegrationTests\Application.IntegrationTests.csproj", "{DC2E5B39-313C-4DE4-A3C2-276B7960F546}"
EndProject
Global
	GlobalSection(SolutionConfigurationPlatforms) = preSolution
		Debug|Any CPU = Debug|Any CPU
		Release|Any CPU = Release|Any CPU
	EndGlobalSection
	GlobalSection(ProjectConfigurationPlatforms) = postSolution
		{92672AF5-36B9-4BEB-B7F0-AB537ED38A97}.Debug|Any CPU.ActiveCfg = Debug|Any CPU
		{92672AF5-36B9-4BEB-B7F0-AB537ED38A97}.Debug|Any CPU.Build.0 = Debug|Any CPU
		{92672AF5-36B9-4BEB-B7F0-AB537ED38A97}.Release|Any CPU.ActiveCfg = Release|Any CPU
		{92672AF5-36B9-4BEB-B7F0-AB537ED38A97}.Release|Any CPU.Build.0 = Release|Any CPU
		{48064339-6D65-4F31-9AB9-13806B3FEB56}.Debug|Any CPU.ActiveCfg = Debug|Any CPU
		{48064339-6D65-4F31-9AB9-13806B3FEB56}.Debug|Any CPU.Build.0 = Debug|Any CPU
		{48064339-6D65-4F31-9AB9-13806B3FEB56}.Release|Any CPU.ActiveCfg = Release|Any CPU
		{48064339-6D65-4F31-9AB9-13806B3FEB56}.Release|Any CPU.Build.0 = Release|Any CPU
		{BB5C80D3-6FED-4124-AE04-E5E00257B568}.Debug|Any CPU.ActiveCfg = Debug|Any CPU
		{BB5C80D3-6FED-4124-AE04-E5E00257B568}.Debug|Any CPU.Build.0 = Debug|Any CPU
		{BB5C80D3-6FED-4124-AE04-E5E00257B568}.Release|Any CPU.ActiveCfg = Release|Any CPU
		{BB5C80D3-6FED-4124-AE04-E5E00257B568}.Release|Any CPU.Build.0 = Release|Any CPU
		{6F49C523-AA80-4C6B-85B6-31B371E8FB66}.Debug|Any CPU.ActiveCfg = Debug|Any CPU
		{6F49C523-AA80-4C6B-85B6-31B371E8FB66}.Debug|Any CPU.Build.0 = Debug|Any CPU
		{6F49C523-AA80-4C6B-85B6-31B371E8FB66}.Release|Any CPU.ActiveCfg = Release|Any CPU
		{6F49C523-AA80-4C6B-85B6-31B371E8FB66}.Release|Any CPU.Build.0 = Release|Any CPU
		{BA2A1562-E23F-4BC8-9820-59C224DC8420}.Debug|Any CPU.ActiveCfg = Debug|Any CPU
		{BA2A1562-E23F-4BC8-9820-59C224DC8420}.Debug|Any CPU.Build.0 = Debug|Any CPU
		{BA2A1562-E23F-4BC8-9820-59C224DC8420}.Release|Any CPU.ActiveCfg = Release|Any CPU
		{BA2A1562-E23F-4BC8-9820-59C224DC8420}.Release|Any CPU.Build.0 = Release|Any CPU
		{72119B84-19AB-47C8-8C1C-91F184EF9200}.Debug|Any CPU.ActiveCfg = Debug|Any CPU
		{72119B84-19AB-47C8-8C1C-91F184EF9200}.Debug|Any CPU.Build.0 = Debug|Any CPU
		{72119B84-19AB-47C8-8C1C-91F184EF9200}.Release|Any CPU.ActiveCfg = Release|Any CPU
		{72119B84-19AB-47C8-8C1C-91F184EF9200}.Release|Any CPU.Build.0 = Release|Any CPU
		{D01787F0-33AC-4583-85BB-C5FAE9D6BA95}.Debug|Any CPU.ActiveCfg = Debug|Any CPU
		{D01787F0-33AC-4583-85BB-C5FAE9D6BA95}.Debug|Any CPU.Build.0 = Debug|Any CPU
		{D01787F0-33AC-4583-85BB-C5FAE9D6BA95}.Release|Any CPU.ActiveCfg = Release|Any CPU
		{D01787F0-33AC-4583-85BB-C5FAE9D6BA95}.Release|Any CPU.Build.0 = Release|Any CPU
		{DC2E5B39-313C-4DE4-A3C2-276B7960F546}.Debug|Any CPU.ActiveCfg = Debug|Any CPU
		{DC2E5B39-313C-4DE4-A3C2-276B7960F546}.Debug|Any CPU.Build.0 = Debug|Any CPU
		{DC2E5B39-313C-4DE4-A3C2-276B7960F546}.Release|Any CPU.ActiveCfg = Release|Any CPU
		{DC2E5B39-313C-4DE4-A3C2-276B7960F546}.Release|Any CPU.Build.0 = Release|Any CPU
	EndGlobalSection
	GlobalSection(SolutionProperties) = preSolution
		HideSolutionNode = FALSE
	EndGlobalSection
	GlobalSection(NestedProjects) = preSolution
		{92672AF5-36B9-4BEB-B7F0-AB537ED38A97} = {4970C3B3-F14D-4410-83BA-BF03FDDFD514}
		{48064339-6D65-4F31-9AB9-13806B3FEB56} = {4970C3B3-F14D-4410-83BA-BF03FDDFD514}
		{BB5C80D3-6FED-4124-AE04-E5E00257B568} = {4970C3B3-F14D-4410-83BA-BF03FDDFD514}
		{B4BD9D8D-818E-4133-A02F-18CFF74692B5} = {4970C3B3-F14D-4410-83BA-BF03FDDFD514}
		{6F49C523-AA80-4C6B-85B6-31B371E8FB66} = {4970C3B3-F14D-4410-83BA-BF03FDDFD514}
		{72119B84-19AB-47C8-8C1C-91F184EF9200} = {41B100A5-239B-40B6-9F92-CD9A46849835}
		{D01787F0-33AC-4583-85BB-C5FAE9D6BA95} = {41B100A5-239B-40B6-9F92-CD9A46849835}
		{DC2E5B39-313C-4DE4-A3C2-276B7960F546} = {41B100A5-239B-40B6-9F92-CD9A46849835}
	EndGlobalSection
EndGlobal
