
Microsoft Visual Studio Solution File, Format Version 12.00
# Visual Studio Version 17
VisualStudioVersion = 17.8.34330.188
MinimumVisualStudioVersion = 10.0.40219.1
Project("{2150E333-8FDC-42A3-9474-1A3956D46DE8}") = "src", "src", "{4970C3B3-F14D-4410-83BA-BF03FDDFD514}"
	ProjectSection(SolutionItems) = preProject
		.gitignore = .gitignore
	EndProjectSection
EndProject
Project("{9A19103F-16F7-4668-BE54-9A1E7A4F7556}") = "Domain", "Domain\Domain.csproj", "{92672AF5-36B9-4BEB-B7F0-AB537ED38A97}"
EndProject
Project("{9A19103F-16F7-4668-BE54-9A1E7A4F7556}") = "Application", "Application\Application.csproj", "{48064339-6D65-4F31-9AB9-13806B3FEB56}"
EndProject
Project("{9A19103F-16F7-4668-BE54-9A1E7A4F7556}") = "Presentation", "Presentation\Presentation.csproj", "{3A6CF326-D738-4983-A4A5-D2F6348B9937}"
EndProject
Project("{9A19103F-16F7-4668-BE54-9A1E7A4F7556}") = "Persistence", "Persistence\Persistence.csproj", "{59B9674E-2B1C-4D28-BE83-A90F707EF601}"
EndProject
Project("{9A19103F-16F7-4668-BE54-9A1E7A4F7556}") = "WebApi", "WebApi\WebApi.csproj", "{BB5C80D3-6FED-4124-AE04-E5E00257B568}"
EndProject
Project("{2150E333-8FDC-42A3-9474-1A3956D46DE8}") = "UI", "UI", "{B4BD9D8D-818E-4133-A02F-18CFF74692B5}"
EndProject
Project("{FAE04EC0-301F-11D3-BF4B-00C04F79EFBC}") = "Blazor", "Blazor\Blazor.csproj", "{0D5B3C64-4239-435E-B874-1F27467CB352}"
EndProject
Global
	GlobalSection(SolutionConfigurationPlatforms) = preSolution
		Debug|Any CPU = Debug|Any CPU
		Release|Any CPU = Release|Any CPU
	EndGlobalSection
	GlobalSection(ProjectConfigurationPlatforms) = postSolution
		{92672AF5-36B9-4BEB-B7F0-AB537ED38A97}.Debug|Any CPU.ActiveCfg = Debug|Any CPU
		{92672AF5-36B9-4BEB-B7F0-AB537ED38A97}.Debug|Any CPU.Build.0 = Debug|Any CPU
		{92672AF5-36B9-4BEB-B7F0-AB537ED38A97}.Release|Any CPU.ActiveCfg = Release|Any CPU
		{92672AF5-36B9-4BEB-B7F0-AB537ED38A97}.Release|Any CPU.Build.0 = Release|Any CPU
		{48064339-6D65-4F31-9AB9-13806B3FEB56}.Debug|Any CPU.ActiveCfg = Debug|Any CPU
		{48064339-6D65-4F31-9AB9-13806B3FEB56}.Debug|Any CPU.Build.0 = Debug|Any CPU
		{48064339-6D65-4F31-9AB9-13806B3FEB56}.Release|Any CPU.ActiveCfg = Release|Any CPU
		{48064339-6D65-4F31-9AB9-13806B3FEB56}.Release|Any CPU.Build.0 = Release|Any CPU
		{3A6CF326-D738-4983-A4A5-D2F6348B9937}.Debug|Any CPU.ActiveCfg = Debug|Any CPU
		{3A6CF326-D738-4983-A4A5-D2F6348B9937}.Debug|Any CPU.Build.0 = Debug|Any CPU
		{3A6CF326-D738-4983-A4A5-D2F6348B9937}.Release|Any CPU.ActiveCfg = Release|Any CPU
		{3A6CF326-D738-4983-A4A5-D2F6348B9937}.Release|Any CPU.Build.0 = Release|Any CPU
		{59B9674E-2B1C-4D28-BE83-A90F707EF601}.Debug|Any CPU.ActiveCfg = Debug|Any CPU
		{59B9674E-2B1C-4D28-BE83-A90F707EF601}.Debug|Any CPU.Build.0 = Debug|Any CPU
		{59B9674E-2B1C-4D28-BE83-A90F707EF601}.Release|Any CPU.ActiveCfg = Release|Any CPU
		{59B9674E-2B1C-4D28-BE83-A90F707EF601}.Release|Any CPU.Build.0 = Release|Any CPU
		{BB5C80D3-6FED-4124-AE04-E5E00257B568}.Debug|Any CPU.ActiveCfg = Debug|Any CPU
		{BB5C80D3-6FED-4124-AE04-E5E00257B568}.Debug|Any CPU.Build.0 = Debug|Any CPU
		{BB5C80D3-6FED-4124-AE04-E5E00257B568}.Release|Any CPU.ActiveCfg = Release|Any CPU
		{BB5C80D3-6FED-4124-AE04-E5E00257B568}.Release|Any CPU.Build.0 = Release|Any CPU
		{0D5B3C64-4239-435E-B874-1F27467CB352}.Debug|Any CPU.ActiveCfg = Debug|Any CPU
		{0D5B3C64-4239-435E-B874-1F27467CB352}.Debug|Any CPU.Build.0 = Debug|Any CPU
		{0D5B3C64-4239-435E-B874-1F27467CB352}.Release|Any CPU.ActiveCfg = Release|Any CPU
		{0D5B3C64-4239-435E-B874-1F27467CB352}.Release|Any CPU.Build.0 = Release|Any CPU
	EndGlobalSection
	GlobalSection(SolutionProperties) = preSolution
		HideSolutionNode = FALSE
	EndGlobalSection
	GlobalSection(NestedProjects) = preSolution
		{92672AF5-36B9-4BEB-B7F0-AB537ED38A97} = {4970C3B3-F14D-4410-83BA-BF03FDDFD514}
		{48064339-6D65-4F31-9AB9-13806B3FEB56} = {4970C3B3-F14D-4410-83BA-BF03FDDFD514}
		{3A6CF326-D738-4983-A4A5-D2F6348B9937} = {4970C3B3-F14D-4410-83BA-BF03FDDFD514}
		{59B9674E-2B1C-4D28-BE83-A90F707EF601} = {4970C3B3-F14D-4410-83BA-BF03FDDFD514}
		{BB5C80D3-6FED-4124-AE04-E5E00257B568} = {4970C3B3-F14D-4410-83BA-BF03FDDFD514}
		{B4BD9D8D-818E-4133-A02F-18CFF74692B5} = {4970C3B3-F14D-4410-83BA-BF03FDDFD514}
		{0D5B3C64-4239-435E-B874-1F27467CB352} = {B4BD9D8D-818E-4133-A02F-18CFF74692B5}
	EndGlobalSection
EndGlobal
